
Microsoft Visual Studio Solution File, Format Version 12.00
# Visual Studio 14
VisualStudioVersion = 14.0.25420.1
MinimumVisualStudioVersion = 10.0.40219.1
Project("{2150E333-8FDC-42A3-9474-1A3956D46DE8}") = "UIControls", "UIControls", "{84BDFF6D-E15B-4AE8-A861-2C65C4CB9BF8}"
EndProject
Project("{FAE04EC0-301F-11D3-BF4B-00C04F79EFBC}") = "System.Work.UI.WinControl", "System.Work.UI.WinControl\System.Work.UI.WinControl.csproj", "{A22D14A6-7232-44CB-A3B9-FB61C06E5ADA}"
EndProject
Project("{FAE04EC0-301F-11D3-BF4B-00C04F79EFBC}") = "Test_ImageBox", "Test_ImageBox\Test_ImageBox.csproj", "{36DF5A70-A7BF-4845-8D02-BBE6F017705F}"
EndProject
Project("{2150E333-8FDC-42A3-9474-1A3956D46DE8}") = "mvp", "mvp", "{D5C05A98-89CD-47F7-81AE-0142E5FA4C18}"
EndProject
Project("{FAE04EC0-301F-11D3-BF4B-00C04F79EFBC}") = "System.Work.MVP.Core", "System.Work.MVP.Core\System.Work.MVP.Core.csproj", "{A97C0007-351D-484B-AF05-C87B4184D20D}"
EndProject
Project("{FAE04EC0-301F-11D3-BF4B-00C04F79EFBC}") = "System.Work.MVP.IocUnity", "System.Work.MVP.IocUnity\System.Work.MVP.IocUnity.csproj", "{25E559BF-363A-49A1-BB97-E9F8E517D405}"
EndProject
Project("{FAE04EC0-301F-11D3-BF4B-00C04F79EFBC}") = "mvptest", "mvptest\mvptest.csproj", "{3BC2B838-0146-48E3-843C-063F397924D2}"
EndProject
Project("{2150E333-8FDC-42A3-9474-1A3956D46DE8}") = "Commons", "Commons", "{EA1127E5-208A-4B54-B5CE-1BF98CFC9A01}"
EndProject
Project("{FAE04EC0-301F-11D3-BF4B-00C04F79EFBC}") = "Syste.Work.Log", "Syste.Work.Log\Syste.Work.Log.csproj", "{C23BF05A-4315-4A74-A741-49B7641F33F1}"
EndProject
Project("{2150E333-8FDC-42A3-9474-1A3956D46DE8}") = "testapps", "testapps", "{0D42AB48-FDA6-4B35-89A9-9128F17E916C}"
EndProject
Project("{FAE04EC0-301F-11D3-BF4B-00C04F79EFBC}") = "testlogapp", "testlogapp\testlogapp.csproj", "{4E17EEB8-7826-4734-B75A-2E4E2AAEE16D}"
EndProject
Project("{F088123C-0E9E-452A-89E6-6BA2F21D5CAC}") = "System.Work.ModelProject", "System.Work.ModelProject\System.Work.ModelProject.modelproj", "{FD8D78F9-CD41-4F5E-A84A-F0237884BE95}"
EndProject
Project("{FAE04EC0-301F-11D3-BF4B-00C04F79EFBC}") = "System.Work.MVP.Shell.Krypton", "System.Work.MVP.Shell.Krypton\System.Work.MVP.Shell.Krypton.csproj", "{2C54EEF4-985E-4525-9DDE-A250AADAD8D1}"
EndProject
Project("{FAE04EC0-301F-11D3-BF4B-00C04F79EFBC}") = "System.Work.MVP.Startup.Krypton", "System.Work.MVP.Startup.Krypton\System.Work.MVP.Startup.Krypton.csproj", "{5B03341D-2624-4F44-A1F2-7AB2A5A5D816}"
EndProject
Project("{FAE04EC0-301F-11D3-BF4B-00C04F79EFBC}") = "System.Work.Common.Plugin", "System.Work.Common.Plugin\System.Work.Common.Plugin.csproj", "{6705F70D-C23F-42D2-A473-BD560614AB11}"
EndProject
Global
	GlobalSection(SolutionConfigurationPlatforms) = preSolution
		Debug|Any CPU = Debug|Any CPU
		Release|Any CPU = Release|Any CPU
	EndGlobalSection
	GlobalSection(ProjectConfigurationPlatforms) = postSolution
		{A22D14A6-7232-44CB-A3B9-FB61C06E5ADA}.Debug|Any CPU.ActiveCfg = Debug|Any CPU
		{A22D14A6-7232-44CB-A3B9-FB61C06E5ADA}.Debug|Any CPU.Build.0 = Debug|Any CPU
		{A22D14A6-7232-44CB-A3B9-FB61C06E5ADA}.Release|Any CPU.ActiveCfg = Release|Any CPU
		{A22D14A6-7232-44CB-A3B9-FB61C06E5ADA}.Release|Any CPU.Build.0 = Release|Any CPU
		{36DF5A70-A7BF-4845-8D02-BBE6F017705F}.Debug|Any CPU.ActiveCfg = Debug|Any CPU
		{36DF5A70-A7BF-4845-8D02-BBE6F017705F}.Debug|Any CPU.Build.0 = Debug|Any CPU
		{36DF5A70-A7BF-4845-8D02-BBE6F017705F}.Release|Any CPU.ActiveCfg = Release|Any CPU
		{36DF5A70-A7BF-4845-8D02-BBE6F017705F}.Release|Any CPU.Build.0 = Release|Any CPU
		{A97C0007-351D-484B-AF05-C87B4184D20D}.Debug|Any CPU.ActiveCfg = Debug|Any CPU
		{A97C0007-351D-484B-AF05-C87B4184D20D}.Debug|Any CPU.Build.0 = Debug|Any CPU
		{A97C0007-351D-484B-AF05-C87B4184D20D}.Release|Any CPU.ActiveCfg = Release|Any CPU
		{A97C0007-351D-484B-AF05-C87B4184D20D}.Release|Any CPU.Build.0 = Release|Any CPU
		{25E559BF-363A-49A1-BB97-E9F8E517D405}.Debug|Any CPU.ActiveCfg = Debug|Any CPU
		{25E559BF-363A-49A1-BB97-E9F8E517D405}.Debug|Any CPU.Build.0 = Debug|Any CPU
		{25E559BF-363A-49A1-BB97-E9F8E517D405}.Release|Any CPU.ActiveCfg = Release|Any CPU
		{25E559BF-363A-49A1-BB97-E9F8E517D405}.Release|Any CPU.Build.0 = Release|Any CPU
		{3BC2B838-0146-48E3-843C-063F397924D2}.Debug|Any CPU.ActiveCfg = Debug|Any CPU
		{3BC2B838-0146-48E3-843C-063F397924D2}.Debug|Any CPU.Build.0 = Debug|Any CPU
		{3BC2B838-0146-48E3-843C-063F397924D2}.Release|Any CPU.ActiveCfg = Release|Any CPU
		{3BC2B838-0146-48E3-843C-063F397924D2}.Release|Any CPU.Build.0 = Release|Any CPU
		{C23BF05A-4315-4A74-A741-49B7641F33F1}.Debug|Any CPU.ActiveCfg = Debug|Any CPU
		{C23BF05A-4315-4A74-A741-49B7641F33F1}.Debug|Any CPU.Build.0 = Debug|Any CPU
		{C23BF05A-4315-4A74-A741-49B7641F33F1}.Release|Any CPU.ActiveCfg = Release|Any CPU
		{C23BF05A-4315-4A74-A741-49B7641F33F1}.Release|Any CPU.Build.0 = Release|Any CPU
		{4E17EEB8-7826-4734-B75A-2E4E2AAEE16D}.Debug|Any CPU.ActiveCfg = Debug|Any CPU
		{4E17EEB8-7826-4734-B75A-2E4E2AAEE16D}.Debug|Any CPU.Build.0 = Debug|Any CPU
		{4E17EEB8-7826-4734-B75A-2E4E2AAEE16D}.Release|Any CPU.ActiveCfg = Release|Any CPU
		{4E17EEB8-7826-4734-B75A-2E4E2AAEE16D}.Release|Any CPU.Build.0 = Release|Any CPU
		{FD8D78F9-CD41-4F5E-A84A-F0237884BE95}.Debug|Any CPU.ActiveCfg = Debug|Any CPU
		{FD8D78F9-CD41-4F5E-A84A-F0237884BE95}.Debug|Any CPU.Build.0 = Debug|Any CPU
		{FD8D78F9-CD41-4F5E-A84A-F0237884BE95}.Release|Any CPU.ActiveCfg = Release|Any CPU
		{FD8D78F9-CD41-4F5E-A84A-F0237884BE95}.Release|Any CPU.Build.0 = Release|Any CPU
		{2C54EEF4-985E-4525-9DDE-A250AADAD8D1}.Debug|Any CPU.ActiveCfg = Debug|Any CPU
		{2C54EEF4-985E-4525-9DDE-A250AADAD8D1}.Debug|Any CPU.Build.0 = Debug|Any CPU
		{2C54EEF4-985E-4525-9DDE-A250AADAD8D1}.Release|Any CPU.ActiveCfg = Release|Any CPU
		{2C54EEF4-985E-4525-9DDE-A250AADAD8D1}.Release|Any CPU.Build.0 = Release|Any CPU
		{5B03341D-2624-4F44-A1F2-7AB2A5A5D816}.Debug|Any CPU.ActiveCfg = Debug|Any CPU
		{5B03341D-2624-4F44-A1F2-7AB2A5A5D816}.Debug|Any CPU.Build.0 = Debug|Any CPU
		{5B03341D-2624-4F44-A1F2-7AB2A5A5D816}.Release|Any CPU.ActiveCfg = Release|Any CPU
		{5B03341D-2624-4F44-A1F2-7AB2A5A5D816}.Release|Any CPU.Build.0 = Release|Any CPU
		{6705F70D-C23F-42D2-A473-BD560614AB11}.Debug|Any CPU.ActiveCfg = Debug|Any CPU
		{6705F70D-C23F-42D2-A473-BD560614AB11}.Debug|Any CPU.Build.0 = Debug|Any CPU
		{6705F70D-C23F-42D2-A473-BD560614AB11}.Release|Any CPU.ActiveCfg = Release|Any CPU
		{6705F70D-C23F-42D2-A473-BD560614AB11}.Release|Any CPU.Build.0 = Release|Any CPU
	EndGlobalSection
	GlobalSection(SolutionProperties) = preSolution
		HideSolutionNode = FALSE
	EndGlobalSection
	GlobalSection(NestedProjects) = preSolution
		{A22D14A6-7232-44CB-A3B9-FB61C06E5ADA} = {84BDFF6D-E15B-4AE8-A861-2C65C4CB9BF8}
		{36DF5A70-A7BF-4845-8D02-BBE6F017705F} = {84BDFF6D-E15B-4AE8-A861-2C65C4CB9BF8}
		{A97C0007-351D-484B-AF05-C87B4184D20D} = {D5C05A98-89CD-47F7-81AE-0142E5FA4C18}
		{25E559BF-363A-49A1-BB97-E9F8E517D405} = {D5C05A98-89CD-47F7-81AE-0142E5FA4C18}
		{3BC2B838-0146-48E3-843C-063F397924D2} = {D5C05A98-89CD-47F7-81AE-0142E5FA4C18}
		{C23BF05A-4315-4A74-A741-49B7641F33F1} = {EA1127E5-208A-4B54-B5CE-1BF98CFC9A01}
		{4E17EEB8-7826-4734-B75A-2E4E2AAEE16D} = {0D42AB48-FDA6-4B35-89A9-9128F17E916C}
		{2C54EEF4-985E-4525-9DDE-A250AADAD8D1} = {D5C05A98-89CD-47F7-81AE-0142E5FA4C18}
		{5B03341D-2624-4F44-A1F2-7AB2A5A5D816} = {D5C05A98-89CD-47F7-81AE-0142E5FA4C18}
		{6705F70D-C23F-42D2-A473-BD560614AB11} = {EA1127E5-208A-4B54-B5CE-1BF98CFC9A01}
	EndGlobalSection
	GlobalSection(ExtensibilityGlobals) = postSolution
		SolutionGuid = {8F80D575-589F-487E-B4FA-9833BF754686}
	EndGlobalSection
EndGlobal
